
Microsoft Visual Studio Solution File, Format Version 12.00
# Visual Studio Version 16
VisualStudioVersion = 16.0.30717.126
MinimumVisualStudioVersion = 10.0.40219.1
Project("{9A19103F-16F7-4668-BE54-9A1E7A4F7556}") = "Constructors", "Constructors\Constructors.csproj", "{37EDBC47-04C6-42E4-8680-24AAB8AEF6FB}"
EndProject
Project("{9A19103F-16F7-4668-BE54-9A1E7A4F7556}") = "Generics", "Generics\Generics.csproj", "{6496A693-37BA-4EC5-940A-E3675D8A60E0}"
EndProject
Project("{9A19103F-16F7-4668-BE54-9A1E7A4F7556}") = "ReferenceTypes", "ReferenceTypes\ReferenceTypes.csproj", "{F32970F5-F0FB-48F6-B103-2C8BE0E87F58}"
EndProject
Project("{9A19103F-16F7-4668-BE54-9A1E7A4F7556}") = "Classes", "Classes\Classes.csproj", "{84AE9E3B-A53C-4737-9D23-6691D7595ECC}"
EndProject
Project("{FAE04EC0-301F-11D3-BF4B-00C04F79EFBC}") = "RecapDemo1", "RecapDemo1\RecapDemo1.csproj", "{3A7231BC-8A52-43FD-9849-EF1168967691}"
EndProject
Project("{FAE04EC0-301F-11D3-BF4B-00C04F79EFBC}") = "Interfaces", "Interfaces\Interfaces.csproj", "{BA3F1DEF-29AC-4EC2-9697-9A0E5D3203C1}"
EndProject
Project("{FAE04EC0-301F-11D3-BF4B-00C04F79EFBC}") = "InterfacesDemo", "InterfacesDemo\InterfacesDemo.csproj", "{F10149B3-6397-4A5D-886F-1CF7FB8CCAB6}"
EndProject
Project("{FAE04EC0-301F-11D3-BF4B-00C04F79EFBC}") = "Inheritance", "Inheritance\Inheritance.csproj", "{814676B8-3E6E-4E7E-9CF4-B292FC18EA20}"
EndProject
Project("{9A19103F-16F7-4668-BE54-9A1E7A4F7556}") = "Interfaces1", "Interfaces1\Interfaces1.csproj", "{92643347-CAD9-4562-A3BA-B9AE93828404}"
EndProject
Project("{9A19103F-16F7-4668-BE54-9A1E7A4F7556}") = "InterfaceAbstractDemo", "InterfaceAbstractDemo\InterfaceAbstractDemo.csproj", "{3848C6E9-3E38-4331-B3FA-8261732686D0}"
EndProject
Project("{9A19103F-16F7-4668-BE54-9A1E7A4F7556}") = "GameManager", "GameManager\GameManager.csproj", "{5F30AFDA-329E-4D42-BF8C-CD5A13253ED5}"
EndProject
Project("{9A19103F-16F7-4668-BE54-9A1E7A4F7556}") = "GameManager2", "GameManager2\GameManager2.csproj", "{02F44DEF-F4E5-4879-A4DB-DAC38F0EEB06}"
EndProject
Project("{FAE04EC0-301F-11D3-BF4B-00C04F79EFBC}") = "LinqProject", "LinqProject\LinqProject.csproj", "{3752C532-7AC7-4B6A-8F6C-E2E66A9482B6}"
EndProject
Global
	GlobalSection(SolutionConfigurationPlatforms) = preSolution
		Debug|Any CPU = Debug|Any CPU
		Release|Any CPU = Release|Any CPU
	EndGlobalSection
	GlobalSection(ProjectConfigurationPlatforms) = postSolution
		{37EDBC47-04C6-42E4-8680-24AAB8AEF6FB}.Debug|Any CPU.ActiveCfg = Debug|Any CPU
		{37EDBC47-04C6-42E4-8680-24AAB8AEF6FB}.Debug|Any CPU.Build.0 = Debug|Any CPU
		{37EDBC47-04C6-42E4-8680-24AAB8AEF6FB}.Release|Any CPU.ActiveCfg = Release|Any CPU
		{37EDBC47-04C6-42E4-8680-24AAB8AEF6FB}.Release|Any CPU.Build.0 = Release|Any CPU
		{6496A693-37BA-4EC5-940A-E3675D8A60E0}.Debug|Any CPU.ActiveCfg = Debug|Any CPU
		{6496A693-37BA-4EC5-940A-E3675D8A60E0}.Debug|Any CPU.Build.0 = Debug|Any CPU
		{6496A693-37BA-4EC5-940A-E3675D8A60E0}.Release|Any CPU.ActiveCfg = Release|Any CPU
		{6496A693-37BA-4EC5-940A-E3675D8A60E0}.Release|Any CPU.Build.0 = Release|Any CPU
		{F32970F5-F0FB-48F6-B103-2C8BE0E87F58}.Debug|Any CPU.ActiveCfg = Debug|Any CPU
		{F32970F5-F0FB-48F6-B103-2C8BE0E87F58}.Debug|Any CPU.Build.0 = Debug|Any CPU
		{F32970F5-F0FB-48F6-B103-2C8BE0E87F58}.Release|Any CPU.ActiveCfg = Release|Any CPU
		{F32970F5-F0FB-48F6-B103-2C8BE0E87F58}.Release|Any CPU.Build.0 = Release|Any CPU
		{84AE9E3B-A53C-4737-9D23-6691D7595ECC}.Debug|Any CPU.ActiveCfg = Debug|Any CPU
		{84AE9E3B-A53C-4737-9D23-6691D7595ECC}.Debug|Any CPU.Build.0 = Debug|Any CPU
		{84AE9E3B-A53C-4737-9D23-6691D7595ECC}.Release|Any CPU.ActiveCfg = Release|Any CPU
		{84AE9E3B-A53C-4737-9D23-6691D7595ECC}.Release|Any CPU.Build.0 = Release|Any CPU
		{3A7231BC-8A52-43FD-9849-EF1168967691}.Debug|Any CPU.ActiveCfg = Debug|Any CPU
		{3A7231BC-8A52-43FD-9849-EF1168967691}.Debug|Any CPU.Build.0 = Debug|Any CPU
		{3A7231BC-8A52-43FD-9849-EF1168967691}.Release|Any CPU.ActiveCfg = Release|Any CPU
		{3A7231BC-8A52-43FD-9849-EF1168967691}.Release|Any CPU.Build.0 = Release|Any CPU
		{BA3F1DEF-29AC-4EC2-9697-9A0E5D3203C1}.Debug|Any CPU.ActiveCfg = Debug|Any CPU
		{BA3F1DEF-29AC-4EC2-9697-9A0E5D3203C1}.Debug|Any CPU.Build.0 = Debug|Any CPU
		{BA3F1DEF-29AC-4EC2-9697-9A0E5D3203C1}.Release|Any CPU.ActiveCfg = Release|Any CPU
		{BA3F1DEF-29AC-4EC2-9697-9A0E5D3203C1}.Release|Any CPU.Build.0 = Release|Any CPU
		{F10149B3-6397-4A5D-886F-1CF7FB8CCAB6}.Debug|Any CPU.ActiveCfg = Debug|Any CPU
		{F10149B3-6397-4A5D-886F-1CF7FB8CCAB6}.Debug|Any CPU.Build.0 = Debug|Any CPU
		{F10149B3-6397-4A5D-886F-1CF7FB8CCAB6}.Release|Any CPU.ActiveCfg = Release|Any CPU
		{F10149B3-6397-4A5D-886F-1CF7FB8CCAB6}.Release|Any CPU.Build.0 = Release|Any CPU
		{814676B8-3E6E-4E7E-9CF4-B292FC18EA20}.Debug|Any CPU.ActiveCfg = Debug|Any CPU
		{814676B8-3E6E-4E7E-9CF4-B292FC18EA20}.Debug|Any CPU.Build.0 = Debug|Any CPU
		{814676B8-3E6E-4E7E-9CF4-B292FC18EA20}.Release|Any CPU.ActiveCfg = Release|Any CPU
		{814676B8-3E6E-4E7E-9CF4-B292FC18EA20}.Release|Any CPU.Build.0 = Release|Any CPU
		{92643347-CAD9-4562-A3BA-B9AE93828404}.Debug|Any CPU.ActiveCfg = Debug|Any CPU
		{92643347-CAD9-4562-A3BA-B9AE93828404}.Debug|Any CPU.Build.0 = Debug|Any CPU
		{92643347-CAD9-4562-A3BA-B9AE93828404}.Release|Any CPU.ActiveCfg = Release|Any CPU
		{92643347-CAD9-4562-A3BA-B9AE93828404}.Release|Any CPU.Build.0 = Release|Any CPU
		{3848C6E9-3E38-4331-B3FA-8261732686D0}.Debug|Any CPU.ActiveCfg = Debug|Any CPU
		{3848C6E9-3E38-4331-B3FA-8261732686D0}.Debug|Any CPU.Build.0 = Debug|Any CPU
		{3848C6E9-3E38-4331-B3FA-8261732686D0}.Release|Any CPU.ActiveCfg = Release|Any CPU
		{3848C6E9-3E38-4331-B3FA-8261732686D0}.Release|Any CPU.Build.0 = Release|Any CPU
		{5F30AFDA-329E-4D42-BF8C-CD5A13253ED5}.Debug|Any CPU.ActiveCfg = Debug|Any CPU
		{5F30AFDA-329E-4D42-BF8C-CD5A13253ED5}.Debug|Any CPU.Build.0 = Debug|Any CPU
		{5F30AFDA-329E-4D42-BF8C-CD5A13253ED5}.Release|Any CPU.ActiveCfg = Release|Any CPU
		{5F30AFDA-329E-4D42-BF8C-CD5A13253ED5}.Release|Any CPU.Build.0 = Release|Any CPU
		{02F44DEF-F4E5-4879-A4DB-DAC38F0EEB06}.Debug|Any CPU.ActiveCfg = Debug|Any CPU
		{02F44DEF-F4E5-4879-A4DB-DAC38F0EEB06}.Debug|Any CPU.Build.0 = Debug|Any CPU
		{02F44DEF-F4E5-4879-A4DB-DAC38F0EEB06}.Release|Any CPU.ActiveCfg = Release|Any CPU
		{02F44DEF-F4E5-4879-A4DB-DAC38F0EEB06}.Release|Any CPU.Build.0 = Release|Any CPU
		{3752C532-7AC7-4B6A-8F6C-E2E66A9482B6}.Debug|Any CPU.ActiveCfg = Debug|Any CPU
		{3752C532-7AC7-4B6A-8F6C-E2E66A9482B6}.Debug|Any CPU.Build.0 = Debug|Any CPU
		{3752C532-7AC7-4B6A-8F6C-E2E66A9482B6}.Release|Any CPU.ActiveCfg = Release|Any CPU
		{3752C532-7AC7-4B6A-8F6C-E2E66A9482B6}.Release|Any CPU.Build.0 = Release|Any CPU
	EndGlobalSection
	GlobalSection(SolutionProperties) = preSolution
		HideSolutionNode = FALSE
	EndGlobalSection
	GlobalSection(ExtensibilityGlobals) = postSolution
		SolutionGuid = {E02DB4AF-7794-437C-9024-76D3E062A734}
	EndGlobalSection
EndGlobal
