
Microsoft Visual Studio Solution File, Format Version 12.00
# Visual Studio Version 16
VisualStudioVersion = 16.0.30717.126
MinimumVisualStudioVersion = 10.0.40219.1
Project("{FAE04EC0-301F-11D3-BF4B-00C04F79EFBC}") = "ReferenceTypes", "ReferenceTypes\ReferenceTypes.csproj", "{603FC1CB-A36A-4424-B57B-7A6A9E1FB5B8}"
EndProject
Global
	GlobalSection(SolutionConfigurationPlatforms) = preSolution
		Debug|Any CPU = Debug|Any CPU
		Release|Any CPU = Release|Any CPU
	EndGlobalSection
	GlobalSection(ProjectConfigurationPlatforms) = postSolution
		{603FC1CB-A36A-4424-B57B-7A6A9E1FB5B8}.Debug|Any CPU.ActiveCfg = Debug|Any CPU
		{603FC1CB-A36A-4424-B57B-7A6A9E1FB5B8}.Debug|Any CPU.Build.0 = Debug|Any CPU
		{603FC1CB-A36A-4424-B57B-7A6A9E1FB5B8}.Release|Any CPU.ActiveCfg = Release|Any CPU
		{603FC1CB-A36A-4424-B57B-7A6A9E1FB5B8}.Release|Any CPU.Build.0 = Release|Any CPU
	EndGlobalSection
	GlobalSection(SolutionProperties) = preSolution
		HideSolutionNode = FALSE
	EndGlobalSection
	GlobalSection(ExtensibilityGlobals) = postSolution
		SolutionGuid = {0066AD1C-2712-487B-906A-D9E80B42059B}
	EndGlobalSection
EndGlobal
